
Microsoft Visual Studio Solution File, Format Version 12.00
# Visual Studio Version 17
VisualStudioVersion = 17.11.35219.272
MinimumVisualStudioVersion = 10.0.40219.1
Project("{FAE04EC0-301F-11D3-BF4B-00C04F79EFBC}") = "FORM(UI)", "MessengerFake\FORM(UI).csproj", "{AAEDD62D-F7FB-464D-9A1E-7C7A7C21D6BC}"
EndProject
Project("{FAE04EC0-301F-11D3-BF4B-00C04F79EFBC}") = "DataAL", "DataAL\DataAL.csproj", "{8870B36F-7E92-44FF-AD15-019BFC5C968F}"
EndProject
Project("{FAE04EC0-301F-11D3-BF4B-00C04F79EFBC}") = "BussinessLL", "BussinessLL\BussinessLL.csproj", "{53862A4F-8DDA-4CB5-9315-8C93C0508506}"
EndProject
Project("{FAE04EC0-301F-11D3-BF4B-00C04F79EFBC}") = "valueobject", "valueobject\valueobject.csproj", "{22B11D8F-E666-4D1A-B44E-BB1D4B9B27C9}"
EndProject
Global
	GlobalSection(SolutionConfigurationPlatforms) = preSolution
		Debug|Any CPU = Debug|Any CPU
		Release|Any CPU = Release|Any CPU
	EndGlobalSection
	GlobalSection(ProjectConfigurationPlatforms) = postSolution
		{AAEDD62D-F7FB-464D-9A1E-7C7A7C21D6BC}.Debug|Any CPU.ActiveCfg = Debug|Any CPU
		{AAEDD62D-F7FB-464D-9A1E-7C7A7C21D6BC}.Debug|Any CPU.Build.0 = Debug|Any CPU
		{AAEDD62D-F7FB-464D-9A1E-7C7A7C21D6BC}.Release|Any CPU.ActiveCfg = Release|Any CPU
		{AAEDD62D-F7FB-464D-9A1E-7C7A7C21D6BC}.Release|Any CPU.Build.0 = Release|Any CPU
		{8870B36F-7E92-44FF-AD15-019BFC5C968F}.Debug|Any CPU.ActiveCfg = Debug|Any CPU
		{8870B36F-7E92-44FF-AD15-019BFC5C968F}.Debug|Any CPU.Build.0 = Debug|Any CPU
		{8870B36F-7E92-44FF-AD15-019BFC5C968F}.Release|Any CPU.ActiveCfg = Release|Any CPU
		{8870B36F-7E92-44FF-AD15-019BFC5C968F}.Release|Any CPU.Build.0 = Release|Any CPU
		{53862A4F-8DDA-4CB5-9315-8C93C0508506}.Debug|Any CPU.ActiveCfg = Debug|Any CPU
		{53862A4F-8DDA-4CB5-9315-8C93C0508506}.Debug|Any CPU.Build.0 = Debug|Any CPU
		{53862A4F-8DDA-4CB5-9315-8C93C0508506}.Release|Any CPU.ActiveCfg = Release|Any CPU
		{53862A4F-8DDA-4CB5-9315-8C93C0508506}.Release|Any CPU.Build.0 = Release|Any CPU
		{22B11D8F-E666-4D1A-B44E-BB1D4B9B27C9}.Debug|Any CPU.ActiveCfg = Debug|Any CPU
		{22B11D8F-E666-4D1A-B44E-BB1D4B9B27C9}.Debug|Any CPU.Build.0 = Debug|Any CPU
		{22B11D8F-E666-4D1A-B44E-BB1D4B9B27C9}.Release|Any CPU.ActiveCfg = Release|Any CPU
		{22B11D8F-E666-4D1A-B44E-BB1D4B9B27C9}.Release|Any CPU.Build.0 = Release|Any CPU
	EndGlobalSection
	GlobalSection(SolutionProperties) = preSolution
		HideSolutionNode = FALSE
	EndGlobalSection
	GlobalSection(ExtensibilityGlobals) = postSolution
		SolutionGuid = {B81B569D-6269-462D-B50C-828BF3FC561E}
	EndGlobalSection
EndGlobal
